
Microsoft Visual Studio Solution File, Format Version 12.00
# Visual Studio Version 17
VisualStudioVersion = 17.7.34003.232
MinimumVisualStudioVersion = 10.0.40219.1
Project("{FAE04EC0-301F-11D3-BF4B-00C04F79EFBC}") = "WebApplication1", "WebApplication1\WebApplication1.csproj", "{5DE23E24-FD60-46AF-89AE-7C7B53508DD0}"
EndProject
Global
	GlobalSection(SolutionConfigurationPlatforms) = preSolution
		Debug|Any CPU = Debug|Any CPU
		Release|Any CPU = Release|Any CPU
	EndGlobalSection
	GlobalSection(ProjectConfigurationPlatforms) = postSolution
		{5DE23E24-FD60-46AF-89AE-7C7B53508DD0}.Debug|Any CPU.ActiveCfg = Debug|Any CPU
		{5DE23E24-FD60-46AF-89AE-7C7B53508DD0}.Debug|Any CPU.Build.0 = Debug|Any CPU
		{5DE23E24-FD60-46AF-89AE-7C7B53508DD0}.Release|Any CPU.ActiveCfg = Release|Any CPU
		{5DE23E24-FD60-46AF-89AE-7C7B53508DD0}.Release|Any CPU.Build.0 = Release|Any CPU
	EndGlobalSection
	GlobalSection(SolutionProperties) = preSolution
		HideSolutionNode = FALSE
	EndGlobalSection
	GlobalSection(ExtensibilityGlobals) = postSolution
		SolutionGuid = {8CE51EB6-8C0B-452E-BF16-ADFF9D1C1D1C}
	EndGlobalSection
EndGlobal
